
Microsoft Visual Studio Solution File, Format Version 12.00
# Visual Studio 15
VisualStudioVersion = 15.0.27130.2036
MinimumVisualStudioVersion = 10.0.40219.1
Project("{FAE04EC0-301F-11D3-BF4B-00C04F79EFBC}") = "ESFA.DC.Logging", "ESFA.DC.Logging\ESFA.DC.Logging.csproj", "{C294956E-5D5F-4C47-B190-906AE296CDCB}"
EndProject
Project("{FAE04EC0-301F-11D3-BF4B-00C04F79EFBC}") = "ESFA.DC.Logging.Tests", "ESFA.DC.Logging.Tests\ESFA.DC.Logging.Tests.csproj", "{09D292CC-3179-4E5E-8E8F-4589761212C1}"
EndProject
Project("{FAE04EC0-301F-11D3-BF4B-00C04F79EFBC}") = "ESFA.DC.Logging.Tests.Integration", "ESFA.DC.Logging.Tests.Integration\ESFA.DC.Logging.Tests.Integration.csproj", "{6CB2E3D4-A29E-40A1-87F9-19CCB19DE378}"
EndProject
Project("{FAE04EC0-301F-11D3-BF4B-00C04F79EFBC}") = "ESFA.DC.Logging.Console", "ESFA.DC.Logging.Console\ESFA.DC.Logging.Console.csproj", "{E9784DE0-78B6-4695-9C12-219A1B139E11}"
EndProject
Global
	GlobalSection(SolutionConfigurationPlatforms) = preSolution
		Debug|Any CPU = Debug|Any CPU
		Release|Any CPU = Release|Any CPU
	EndGlobalSection
	GlobalSection(ProjectConfigurationPlatforms) = postSolution
		{C294956E-5D5F-4C47-B190-906AE296CDCB}.Debug|Any CPU.ActiveCfg = Debug|Any CPU
		{C294956E-5D5F-4C47-B190-906AE296CDCB}.Debug|Any CPU.Build.0 = Debug|Any CPU
		{C294956E-5D5F-4C47-B190-906AE296CDCB}.Release|Any CPU.ActiveCfg = Release|Any CPU
		{C294956E-5D5F-4C47-B190-906AE296CDCB}.Release|Any CPU.Build.0 = Release|Any CPU
		{09D292CC-3179-4E5E-8E8F-4589761212C1}.Debug|Any CPU.ActiveCfg = Debug|Any CPU
		{09D292CC-3179-4E5E-8E8F-4589761212C1}.Debug|Any CPU.Build.0 = Debug|Any CPU
		{09D292CC-3179-4E5E-8E8F-4589761212C1}.Release|Any CPU.ActiveCfg = Release|Any CPU
		{09D292CC-3179-4E5E-8E8F-4589761212C1}.Release|Any CPU.Build.0 = Release|Any CPU
		{6CB2E3D4-A29E-40A1-87F9-19CCB19DE378}.Debug|Any CPU.ActiveCfg = Debug|Any CPU
		{6CB2E3D4-A29E-40A1-87F9-19CCB19DE378}.Debug|Any CPU.Build.0 = Debug|Any CPU
		{6CB2E3D4-A29E-40A1-87F9-19CCB19DE378}.Release|Any CPU.ActiveCfg = Release|Any CPU
		{6CB2E3D4-A29E-40A1-87F9-19CCB19DE378}.Release|Any CPU.Build.0 = Release|Any CPU
		{E9784DE0-78B6-4695-9C12-219A1B139E11}.Debug|Any CPU.ActiveCfg = Debug|Any CPU
		{E9784DE0-78B6-4695-9C12-219A1B139E11}.Debug|Any CPU.Build.0 = Debug|Any CPU
		{E9784DE0-78B6-4695-9C12-219A1B139E11}.Release|Any CPU.ActiveCfg = Release|Any CPU
		{E9784DE0-78B6-4695-9C12-219A1B139E11}.Release|Any CPU.Build.0 = Release|Any CPU
	EndGlobalSection
	GlobalSection(SolutionProperties) = preSolution
		HideSolutionNode = FALSE
	EndGlobalSection
	GlobalSection(ExtensibilityGlobals) = postSolution
		SolutionGuid = {320A9B7F-706E-431B-8B72-C8122CAE0A62}
	EndGlobalSection
EndGlobal
